
Microsoft Visual Studio Solution File, Format Version 12.00
# Visual Studio 15
VisualStudioVersion = 15.0.28010.2016
MinimumVisualStudioVersion = 10.0.40219.1
Project("{FAE04EC0-301F-11D3-BF4B-00C04F79EFBC}") = "Guggenheim.MeteredTaxi.Web", "GuggenheimAssgnment\Guggenheim.MeteredTaxi.Web.csproj", "{7073764F-C2CF-42AD-9DFC-591AAE8E29BE}"
EndProject
Project("{FAE04EC0-301F-11D3-BF4B-00C04F79EFBC}") = "Guggenheim.MeteredTaxi.Core", "Guggenheim.MeteredTaxi.Core\Guggenheim.MeteredTaxi.Core.csproj", "{7BADED57-F6FC-4760-9A28-1DD621B657B9}"
EndProject
Project("{FAE04EC0-301F-11D3-BF4B-00C04F79EFBC}") = "Guggenheim.MeteredTaxi.Test", "Guggenheim.MeteredTaxi.Test\Guggenheim.MeteredTaxi.Test.csproj", "{B0C7AD12-0C96-4E71-A573-76A6A11B6BA7}"
EndProject
Global
	GlobalSection(SolutionConfigurationPlatforms) = preSolution
		Debug|Any CPU = Debug|Any CPU
		Release|Any CPU = Release|Any CPU
	EndGlobalSection
	GlobalSection(ProjectConfigurationPlatforms) = postSolution
		{7073764F-C2CF-42AD-9DFC-591AAE8E29BE}.Debug|Any CPU.ActiveCfg = Debug|Any CPU
		{7073764F-C2CF-42AD-9DFC-591AAE8E29BE}.Debug|Any CPU.Build.0 = Debug|Any CPU
		{7073764F-C2CF-42AD-9DFC-591AAE8E29BE}.Release|Any CPU.ActiveCfg = Release|Any CPU
		{7073764F-C2CF-42AD-9DFC-591AAE8E29BE}.Release|Any CPU.Build.0 = Release|Any CPU
		{7BADED57-F6FC-4760-9A28-1DD621B657B9}.Debug|Any CPU.ActiveCfg = Debug|Any CPU
		{7BADED57-F6FC-4760-9A28-1DD621B657B9}.Debug|Any CPU.Build.0 = Debug|Any CPU
		{7BADED57-F6FC-4760-9A28-1DD621B657B9}.Release|Any CPU.ActiveCfg = Release|Any CPU
		{7BADED57-F6FC-4760-9A28-1DD621B657B9}.Release|Any CPU.Build.0 = Release|Any CPU
		{B0C7AD12-0C96-4E71-A573-76A6A11B6BA7}.Debug|Any CPU.ActiveCfg = Debug|Any CPU
		{B0C7AD12-0C96-4E71-A573-76A6A11B6BA7}.Debug|Any CPU.Build.0 = Debug|Any CPU
		{B0C7AD12-0C96-4E71-A573-76A6A11B6BA7}.Release|Any CPU.ActiveCfg = Release|Any CPU
		{B0C7AD12-0C96-4E71-A573-76A6A11B6BA7}.Release|Any CPU.Build.0 = Release|Any CPU
	EndGlobalSection
	GlobalSection(SolutionProperties) = preSolution
		HideSolutionNode = FALSE
	EndGlobalSection
	GlobalSection(ExtensibilityGlobals) = postSolution
		SolutionGuid = {E6DF5E62-49A9-42B2-8227-C8BB562D6D50}
	EndGlobalSection
EndGlobal
